// !$*UTF8*$!
{
	archiveVersion = 1;
	classes = {
	};
	objectVersion = 46;
	objects = {

/* Begin PBXBuildFile section */
		84CB037A1F34C208000E57BA /* AppDelegate.swift in Sources */ = {isa = PBXBuildFile; fileRef = 84CB03791F34C208000E57BA /* AppDelegate.swift */; };
		84CB037C1F34C208000E57BA /* MapViewController.swift in Sources */ = {isa = PBXBuildFile; fileRef = 84CB037B1F34C208000E57BA /* MapViewController.swift */; };
		84CB037F1F34C208000E57BA /* Main.storyboard in Resources */ = {isa = PBXBuildFile; fileRef = 84CB037D1F34C208000E57BA /* Main.storyboard */; };
		84CB03811F34C208000E57BA /* Assets.xcassets in Resources */ = {isa = PBXBuildFile; fileRef = 84CB03801F34C208000E57BA /* Assets.xcassets */; };
		84CB03841F34C208000E57BA /* LaunchScreen.storyboard in Resources */ = {isa = PBXBuildFile; fileRef = 84CB03821F34C208000E57BA /* LaunchScreen.storyboard */; };
		84CB038E1F34C225000E57BA /* Negative.png in Resources */ = {isa = PBXBuildFile; fileRef = 84CB038B1F34C225000E57BA /* Negative.png */; };
		84CB038F1F34C225000E57BA /* Neutral.png in Resources */ = {isa = PBXBuildFile; fileRef = 84CB038C1F34C225000E57BA /* Neutral.png */; };
		84CB03901F34C225000E57BA /* Positive.png in Resources */ = {isa = PBXBuildFile; fileRef = 84CB038D1F34C225000E57BA /* Positive.png */; };
		996A1112AA60100A607704E4 /* Pods_Map_Message_Visualizer.framework in Frameworks */ = {isa = PBXBuildFile; fileRef = 2DE22A3FD53E3553258396E7 /* Pods_Map_Message_Visualizer.framework */; };
/* End PBXBuildFile section */

/* Begin PBXFileReference section */
		2DE22A3FD53E3553258396E7 /* Pods_Map_Message_Visualizer.framework */ = {isa = PBXFileReference; explicitFileType = wrapper.framework; includeInIndex = 0; path = Pods_Map_Message_Visualizer.framework; sourceTree = BUILT_PRODUCTS_DIR; };
		5213FE8918E5D54D65FD0D62 /* Pods-Map Message Visualizer.debug.xcconfig */ = {isa = PBXFileReference; includeInIndex = 1; lastKnownFileType = text.xcconfig; name = "Pods-Map Message Visualizer.debug.xcconfig"; path = "Pods/Target Support Files/Pods-Map Message Visualizer/Pods-Map Message Visualizer.debug.xcconfig"; sourceTree = "<group>"; };
		84CB03761F34C208000E57BA /* Map Message Visualizer.app */ = {isa = PBXFileReference; explicitFileType = wrapper.application; includeInIndex = 0; path = "Map Message Visualizer.app"; sourceTree = BUILT_PRODUCTS_DIR; };
		84CB03791F34C208000E57BA /* AppDelegate.swift */ = {isa = PBXFileReference; lastKnownFileType = sourcecode.swift; path = AppDelegate.swift; sourceTree = "<group>"; };
		84CB037B1F34C208000E57BA /* MapViewController.swift */ = {isa = PBXFileReference; lastKnownFileType = sourcecode.swift; path = MapViewController.swift; sourceTree = "<group>"; };
		84CB037E1F34C208000E57BA /* Base */ = {isa = PBXFileReference; lastKnownFileType = file.storyboard; name = Base; path = Base.lproj/Main.storyboard; sourceTree = "<group>"; };
		84CB03801F34C208000E57BA /* Assets.xcassets */ = {isa = PBXFileReference; lastKnownFileType = folder.assetcatalog; path = Assets.xcassets; sourceTree = "<group>"; };
		84CB03831F34C208000E57BA /* Base */ = {isa = PBXFileReference; lastKnownFileType = file.storyboard; name = Base; path = Base.lproj/LaunchScreen.storyboard; sourceTree = "<group>"; };
		84CB03851F34C208000E57BA /* Info.plist */ = {isa = PBXFileReference; lastKnownFileType = text.plist.xml; path = Info.plist; sourceTree = "<group>"; };
		84CB038B1F34C225000E57BA /* Negative.png */ = {isa = PBXFileReference; lastKnownFileType = image.png; path = Negative.png; sourceTree = "<group>"; };
		84CB038C1F34C225000E57BA /* Neutral.png */ = {isa = PBXFileReference; lastKnownFileType = image.png; path = Neutral.png; sourceTree = "<group>"; };
		84CB038D1F34C225000E57BA /* Positive.png */ = {isa = PBXFileReference; lastKnownFileType = image.png; path = Positive.png; sourceTree = "<group>"; };
		9E6F3F81BA29EE75FA057DC4 /* Pods-Map Message Visualizer.release.xcconfig */ = {isa = PBXFileReference; includeInIndex = 1; lastKnownFileType = text.xcconfig; name = "Pods-Map Message Visualizer.release.xcconfig"; path = "Pods/Target Support Files/Pods-Map Message Visualizer/Pods-Map Message Visualizer.release.xcconfig"; sourceTree = "<group>"; };
/* End PBXFileReference section */

/* Begin PBXFrameworksBuildPhase section */
		84CB03731F34C208000E57BA /* Frameworks */ = {
			isa = PBXFrameworksBuildPhase;
			buildActionMask = 2147483647;
			files = (
				996A1112AA60100A607704E4 /* Pods_Map_Message_Visualizer.framework in Frameworks */,
			);
			runOnlyForDeploymentPostprocessing = 0;
		};
/* End PBXFrameworksBuildPhase section */

/* Begin PBXGroup section */
		84CB036D1F34C208000E57BA = {
			isa = PBXGroup;
			children = (
				84CB03781F34C208000E57BA /* Map Message Visualizer */,
				84CB03771F34C208000E57BA /* Products */,
				EA6A63F62E975EC36C9F184F /* Pods */,
				9E0D75305B34E8D9236FF8B1 /* Frameworks */,
			);
			sourceTree = "<group>";
		};
		84CB03771F34C208000E57BA /* Products */ = {
			isa = PBXGroup;
			children = (
				84CB03761F34C208000E57BA /* Map Message Visualizer.app */,
			);
			name = Products;
			sourceTree = "<group>";
		};
		84CB03781F34C208000E57BA /* Map Message Visualizer */ = {
			isa = PBXGroup;
			children = (
				84CB03911F34C229000E57BA /* Emotions */,
				84CB03791F34C208000E57BA /* AppDelegate.swift */,
				84CB037B1F34C208000E57BA /* MapViewController.swift */,
				84CB037D1F34C208000E57BA /* Main.storyboard */,
				84CB03801F34C208000E57BA /* Assets.xcassets */,
				84CB03821F34C208000E57BA /* LaunchScreen.storyboard */,
				84CB03851F34C208000E57BA /* Info.plist */,
			);
			path = "Map Message Visualizer";
			sourceTree = "<group>";
		};
		84CB03911F34C229000E57BA /* Emotions */ = {
			isa = PBXGroup;
			children = (
				84CB038B1F34C225000E57BA /* Negative.png */,
				84CB038C1F34C225000E57BA /* Neutral.png */,
				84CB038D1F34C225000E57BA /* Positive.png */,
			);
			name = Emotions;
			sourceTree = "<group>";
		};
		9E0D75305B34E8D9236FF8B1 /* Frameworks */ = {
			isa = PBXGroup;
			children = (
				2DE22A3FD53E3553258396E7 /* Pods_Map_Message_Visualizer.framework */,
			);
			name = Frameworks;
			sourceTree = "<group>";
		};
		EA6A63F62E975EC36C9F184F /* Pods */ = {
			isa = PBXGroup;
			children = (
				5213FE8918E5D54D65FD0D62 /* Pods-Map Message Visualizer.debug.xcconfig */,
				9E6F3F81BA29EE75FA057DC4 /* Pods-Map Message Visualizer.release.xcconfig */,
			);
			name = Pods;
			sourceTree = "<group>";
		};
/* End PBXGroup section */

/* Begin PBXNativeTarget section */
		84CB03751F34C208000E57BA /* Map Message Visualizer */ = {
			isa = PBXNativeTarget;
			buildConfigurationList = 84CB03881F34C208000E57BA /* Build configuration list for PBXNativeTarget "Map Message Visualizer" */;
			buildPhases = (
				7CE075D83D1B21A61D98CDCD /* [CP] Check Pods Manifest.lock */,
				84CB03721F34C208000E57BA /* Sources */,
				84CB03731F34C208000E57BA /* Frameworks */,
				84CB03741F34C208000E57BA /* Resources */,
				34D7916E48878744BEF7DE31 /* [CP] Embed Pods Frameworks */,
				72A4817D8A75ACD0E933244F /* [CP] Copy Pods Resources */,
			);
			buildRules = (
			);
			dependencies = (
			);
			name = "Map Message Visualizer";
			productName = "Map Message Visualizer";
			productReference = 84CB03761F34C208000E57BA /* Map Message Visualizer.app */;
			productType = "com.apple.product-type.application";
		};
/* End PBXNativeTarget section */

/* Begin PBXProject section */
		84CB036E1F34C208000E57BA /* Project object */ = {
			isa = PBXProject;
			attributes = {
				LastSwiftUpdateCheck = 0820;
				LastUpgradeCheck = 0820;
				ORGANIZATIONNAME = ahmednader;
				TargetAttributes = {
					84CB03751F34C208000E57BA = {
						CreatedOnToolsVersion = 8.2.1;
						DevelopmentTeam = 3TVP64ZUPA;
						ProvisioningStyle = Automatic;
					};
				};
			};
			buildConfigurationList = 84CB03711F34C208000E57BA /* Build configuration list for PBXProject "Map Message Visualizer" */;
			compatibilityVersion = "Xcode 3.2";
			developmentRegion = English;
			hasScannedForEncodings = 0;
			knownRegions = (
				en,
				Base,
			);
			mainGroup = 84CB036D1F34C208000E57BA;
			productRefGroup = 84CB03771F34C208000E57BA /* Products */;
			projectDirPath = "";
			projectRoot = "";
			targets = (
				84CB03751F34C208000E57BA /* Map Message Visualizer */,
			);
		};
/* End PBXProject section */

/* Begin PBXResourcesBuildPhase section */
		84CB03741F34C208000E57BA /* Resources */ = {
			isa = PBXResourcesBuildPhase;
			buildActionMask = 2147483647;
			files = (
				84CB03841F34C208000E57BA /* LaunchScreen.storyboard in Resources */,
				84CB03811F34C208000E57BA /* Assets.xcassets in Resources */,
				84CB03901F34C225000E57BA /* Positive.png in Resources */,
				84CB038E1F34C225000E57BA /* Negative.png in Resources */,
				84CB038F1F34C225000E57BA /* Neutral.png in Resources */,
				84CB037F1F34C208000E57BA /* Main.storyboard in Resources */,
			);
			runOnlyForDeploymentPostprocessing = 0;
		};
/* End PBXResourcesBuildPhase section */

/* Begin PBXShellScriptBuildPhase section */
		34D7916E48878744BEF7DE31 /* [CP] Embed Pods Frameworks */ = {
			isa = PBXShellScriptBuildPhase;
			buildActionMask = 2147483647;
			files = (
			);
			inputPaths = (
			);
			name = "[CP] Embed Pods Frameworks";
			outputPaths = (
			);
			runOnlyForDeploymentPostprocessing = 0;
			shellPath = /bin/sh;
			shellScript = "\"${SRCROOT}/Pods/Target Support Files/Pods-Map Message Visualizer/Pods-Map Message Visualizer-frameworks.sh\"\n";
			showEnvVarsInLog = 0;
		};
		72A4817D8A75ACD0E933244F /* [CP] Copy Pods Resources */ = {
			isa = PBXShellScriptBuildPhase;
			buildActionMask = 2147483647;
			files = (
			);
			inputPaths = (
			);
			name = "[CP] Copy Pods Resources";
			outputPaths = (
			);
			runOnlyForDeploymentPostprocessing = 0;
			shellPath = /bin/sh;
			shellScript = "\"${SRCROOT}/Pods/Target Support Files/Pods-Map Message Visualizer/Pods-Map Message Visualizer-resources.sh\"\n";
			showEnvVarsInLog = 0;
		};
		7CE075D83D1B21A61D98CDCD /* [CP] Check Pods Manifest.lock */ = {
			isa = PBXShellScriptBuildPhase;
			buildActionMask = 2147483647;
			files = (
			);
			inputPaths = (
			);
			name = "[CP] Check Pods Manifest.lock";
			outputPaths = (
			);
			runOnlyForDeploymentPostprocessing = 0;
			shellPath = /bin/sh;
			shellScript = "diff \"${PODS_ROOT}/../Podfile.lock\" \"${PODS_ROOT}/Manifest.lock\" > /dev/null\nif [ $? != 0 ] ; then\n    # print error to STDERR\n    echo \"error: The sandbox is not in sync with the Podfile.lock. Run 'pod install' or update your CocoaPods installation.\" >&2\n    exit 1\nfi\n";
			showEnvVarsInLog = 0;
		};
/* End PBXShellScriptBuildPhase section */

/* Begin PBXSourcesBuildPhase section */
		84CB03721F34C208000E57BA /* Sources */ = {
			isa = PBXSourcesBuildPhase;
			buildActionMask = 2147483647;
			files = (
				84CB037C1F34C208000E57BA /* MapViewController.swift in Sources */,
				84CB037A1F34C208000E57BA /* AppDelegate.swift in Sources */,
			);
			runOnlyForDeploymentPostprocessing = 0;
		};
/* End PBXSourcesBuildPhase section */

/* Begin PBXVariantGroup section */
		84CB037D1F34C208000E57BA /* Main.storyboard */ = {
			isa = PBXVariantGroup;
			children = (
				84CB037E1F34C208000E57BA /* Base */,
			);
			name = Main.storyboard;
			sourceTree = "<group>";
		};
		84CB03821F34C208000E57BA /* LaunchScreen.storyboard */ = {
			isa = PBXVariantGroup;
			children = (
				84CB03831F34C208000E57BA /* Base */,
			);
			name = LaunchScreen.storyboard;
			sourceTree = "<group>";
		};
/* End PBXVariantGroup section */

/* Begin XCBuildConfiguration section */
		84CB03861F34C208000E57BA /* Debug */ = {
			isa = XCBuildConfiguration;
			buildSettings = {
				ALWAYS_SEARCH_USER_PATHS = NO;
				CLANG_ANALYZER_NONNULL = YES;
				CLANG_CXX_LANGUAGE_STANDARD = "gnu++0x";
				CLANG_CXX_LIBRARY = "libc++";
				CLANG_ENABLE_MODULES = YES;
				CLANG_ENABLE_OBJC_ARC = YES;
				CLANG_WARN_BOOL_CONVERSION = YES;
				CLANG_WARN_CONSTANT_CONVERSION = YES;
				CLANG_WARN_DIRECT_OBJC_ISA_USAGE = YES_ERROR;
				CLANG_WARN_DOCUMENTATION_COMMENTS = YES;
				CLANG_WARN_EMPTY_BODY = YES;
				CLANG_WARN_ENUM_CONVERSION = YES;
				CLANG_WARN_INFINITE_RECURSION = YES;
				CLANG_WARN_INT_CONVERSION = YES;
				CLANG_WARN_OBJC_ROOT_CLASS = YES_ERROR;
				CLANG_WARN_SUSPICIOUS_MOVE = YES;
				CLANG_WARN_UNREACHABLE_CODE = YES;
				CLANG_WARN__DUPLICATE_METHOD_MATCH = YES;
				"CODE_SIGN_IDENTITY[sdk=iphoneos*]" = "iPhone Developer";
				COPY_PHASE_STRIP = NO;
				DEBUG_INFORMATION_FORMAT = dwarf;
				ENABLE_STRICT_OBJC_MSGSEND = YES;
				ENABLE_TESTABILITY = YES;
				GCC_C_LANGUAGE_STANDARD = gnu99;
				GCC_DYNAMIC_NO_PIC = NO;
				GCC_NO_COMMON_BLOCKS = YES;
				GCC_OPTIMIZATION_LEVEL = 0;
				GCC_PREPROCESSOR_DEFINITIONS = (
					"DEBUG=1",
					"$(inherited)",
				);
				GCC_WARN_64_TO_32_BIT_CONVERSION = YES;
				GCC_WARN_ABOUT_RETURN_TYPE = YES_ERROR;
				GCC_WARN_UNDECLARED_SELECTOR = YES;
				GCC_WARN_UNINITIALIZED_AUTOS = YES_AGGRESSIVE;
				GCC_WARN_UNUSED_FUNCTION = YES;
				GCC_WARN_UNUSED_VARIABLE = YES;
				IPHONEOS_DEPLOYMENT_TARGET = 10.2;
				MTL_ENABLE_DEBUG_INFO = YES;
				ONLY_ACTIVE_ARCH = YES;
				SDKROOT = iphoneos;
				SWIFT_ACTIVE_COMPILATION_CONDITIONS = DEBUG;
				SWIFT_OPTIMIZATION_LEVEL = "-Onone";
			};
			name = Debug;
		};
		84CB03871F34C208000E57BA /* Release */ = {
			isa = XCBuildConfiguration;
			buildSettings = {
				ALWAYS_SEARCH_USER_PATHS = NO;
				CLANG_ANALYZER_NONNULL = YES;
				CLANG_CXX_LANGUAGE_STANDARD = "gnu++0x";
				CLANG_CXX_LIBRARY = "libc++";
				CLANG_ENABLE_MODULES = YES;
				CLANG_ENABLE_OBJC_ARC = YES;
				CLANG_WARN_BOOL_CONVERSION = YES;
				CLANG_WARN_CONSTANT_CONVERSION = YES;
				CLANG_WARN_DIRECT_OBJC_ISA_USAGE = YES_ERROR;
				CLANG_WARN_DOCUMENTATION_COMMENTS = YES;
				CLANG_WARN_EMPTY_BODY = YES;
				CLANG_WARN_ENUM_CONVERSION = YES;
				CLANG_WARN_INFINITE_RECURSION = YES;
				CLANG_WARN_INT_CONVERSION = YES;
				CLANG_WARN_OBJC_ROOT_CLASS = YES_ERROR;
				CLANG_WARN_SUSPICIOUS_MOVE = YES;
				CLANG_WARN_UNREACHABLE_CODE = YES;
				CLANG_WARN__DUPLICATE_METHOD_MATCH = YES;
				"CODE_SIGN_IDENTITY[sdk=iphoneos*]" = "iPhone Developer";
				COPY_PHASE_STRIP = NO;
				DEBUG_INFORMATION_FORMAT = "dwarf-with-dsym";
				ENABLE_NS_ASSERTIONS = NO;
				ENABLE_STRICT_OBJC_MSGSEND = YES;
				GCC_C_LANGUAGE_STANDARD = gnu99;
				GCC_NO_COMMON_BLOCKS = YES;
				GCC_WARN_64_TO_32_BIT_CONVERSION = YES;
				GCC_WARN_ABOUT_RETURN_TYPE = YES_ERROR;
				GCC_WARN_UNDECLARED_SELECTOR = YES;
				GCC_WARN_UNINITIALIZED_AUTOS = YES_AGGRESSIVE;
				GCC_WARN_UNUSED_FUNCTION = YES;
				GCC_WARN_UNUSED_VARIABLE = YES;
				IPHONEOS_DEPLOYMENT_TARGET = 10.2;
				MTL_ENABLE_DEBUG_INFO = NO;
				SDKROOT = iphoneos;
				SWIFT_OPTIMIZATION_LEVEL = "-Owholemodule";
				VALIDATE_PRODUCT = YES;
			};
			name = Release;
		};
		84CB03891F34C208000E57BA /* Debug */ = {
			isa = XCBuildConfiguration;
			baseConfigurationReference = 5213FE8918E5D54D65FD0D62 /* Pods-Map Message Visualizer.debug.xcconfig */;
			buildSettings = {
				ASSETCATALOG_COMPILER_APPICON_NAME = AppIcon;
				DEVELOPMENT_TEAM = 3TVP64ZUPA;
				INFOPLIST_FILE = "Map Message Visualizer/Info.plist";
				LD_RUNPATH_SEARCH_PATHS = "$(inherited) @executable_path/Frameworks";
				PRODUCT_BUNDLE_IDENTIFIER = "com.ahmednader.Map-Message-Visualizer";
				PRODUCT_NAME = "$(TARGET_NAME)";
				SWIFT_VERSION = 3.0;
			};
			name = Debug;
		};
		84CB038A1F34C208000E57BA /* Release */ = {
			isa = XCBuildConfiguration;
			baseConfigurationReference = 9E6F3F81BA29EE75FA057DC4 /* Pods-Map Message Visualizer.release.xcconfig */;
			buildSettings = {
				ASSETCATALOG_COMPILER_APPICON_NAME = AppIcon;
				DEVELOPMENT_TEAM = 3TVP64ZUPA;
				INFOPLIST_FILE = "Map Message Visualizer/Info.plist";
				LD_RUNPATH_SEARCH_PATHS = "$(inherited) @executable_path/Frameworks";
				PRODUCT_BUNDLE_IDENTIFIER = "com.ahmednader.Map-Message-Visualizer";
				PRODUCT_NAME = "$(TARGET_NAME)";
				SWIFT_VERSION = 3.0;
			};
			name = Release;
		};
/* End XCBuildConfiguration section */

/* Begin XCConfigurationList section */
		84CB03711F34C208000E57BA /* Build configuration list for PBXProject "Map Message Visualizer" */ = {
			isa = XCConfigurationList;
			buildConfigurations = (
				84CB03861F34C208000E57BA /* Debug */,
				84CB03871F34C208000E57BA /* Release */,
			);
			defaultConfigurationIsVisible = 0;
			defaultConfigurationName = Release;
		};
		84CB03881F34C208000E57BA /* Build configuration list for PBXNativeTarget "Map Message Visualizer" */ = {
			isa = XCConfigurationList;
			buildConfigurations = (
				84CB03891F34C208000E57BA /* Debug */,
				84CB038A1F34C208000E57BA /* Release */,
			);
			defaultConfigurationIsVisible = 0;
			defaultConfigurationName = Release;
		};
/* End XCConfigurationList section */
	};
	rootObject = 84CB036E1F34C208000E57BA /* Project object */;
}
